PODS:
  - HUDHelper (0.3.8):
    - MBProgressHUD (~> 1.0)
  - Masonry (1.1.0)
  - MBProgressHUD (1.0.0)

DEPENDENCIES:
  - HUDHelper (from `../`)
  - Masonry

SPEC REPOS:
  https://github.com/cocoapods/specs.git:
    - Masonry
    - MBProgressHUD

EXTERNAL SOURCES:
  HUDHelper:
    :path: "../"

SPEC CHECKSUMS:
  HUDHelper: 510ed7fb60e03d6382cfa199d0ce94c5d448b917
  Masonry: 678fab65091a9290e40e2832a55e7ab731aad201
  MBProgressHUD: 4890f671c94e8a0f3cf959aa731e9de2f036d71a

PODFILE CHECKSUM: fb76ca702fa73ffcfaacfa102eb4a3cddb36bb2f

COCOAPODS: 1.5.3
