PODS:
  - HUDHelper (0.3.6):
    - MBProgressHUD (~> 1.0)
  - Masonry (1.0.2)
  - MBProgressHUD (1.0.0)

DEPENDENCIES:
  - HUDHelper (from `../`)
  - Masonry

EXTERNAL SOURCES:
  HUDHelper:
    :path: "../"

SPEC CHECKSUMS:
  HUDHelper: 228a50ccdf699bfcef329474232d56d15a11531a
  Masonry: 7c429b56da9d4ee0bbb3ed77a5ea710d6a5df39e
  MBProgressHUD: 4890f671c94e8a0f3cf959aa731e9de2f036d71a

PODFILE CHECKSUM: fb76ca702fa73ffcfaacfa102eb4a3cddb36bb2f

COCOAPODS: 1.2.1
